
Microsoft Visual Studio Solution File, Format Version 12.00
# Visual Studio 2012
Project("{FAE04EC0-301F-11D3-BF4B-00C04F79EFBC}") = "AutofacTest", "AutofacTest\AutofacTest.csproj", "{958FF4BE-E737-4C9D-8644-9CF825A6F138}"
EndProject
Global
	GlobalSection(SolutionConfigurationPlatforms) = preSolution
		Debug|Any CPU = Debug|Any CPU
		Release|Any CPU = Release|Any CPU
	EndGlobalSection
	GlobalSection(ProjectConfigurationPlatforms) = postSolution
		{958FF4BE-E737-4C9D-8644-9CF825A6F138}.Debug|Any CPU.ActiveCfg = Debug|Any CPU
		{958FF4BE-E737-4C9D-8644-9CF825A6F138}.Debug|Any CPU.Build.0 = Debug|Any CPU
		{958FF4BE-E737-4C9D-8644-9CF825A6F138}.Release|Any CPU.ActiveCfg = Release|Any CPU
		{958FF4BE-E737-4C9D-8644-9CF825A6F138}.Release|Any CPU.Build.0 = Release|Any CPU
	EndGlobalSection
	GlobalSection(SolutionProperties) = preSolution
		HideSolutionNode = FALSE
	EndGlobalSection
EndGlobal
